// !$*UTF8*$!
{
	archiveVersion = 1;
	classes = {
	};
	objectVersion = 55;
	objects = {

/* Begin PBXBuildFile section */
		495AD42E28B7450300B6E0CE /* AppDelegate.swift in Sources */ = {isa = PBXBuildFile; fileRef = 495AD42D28B7450300B6E0CE /* AppDelegate.swift */; };
		495AD43028B7450300B6E0CE /* SceneDelegate.swift in Sources */ = {isa = PBXBuildFile; fileRef = 495AD42F28B7450300B6E0CE /* SceneDelegate.swift */; };
		495AD43228B7450300B6E0CE /* ViewController.swift in Sources */ = {isa = PBXBuildFile; fileRef = 495AD43128B7450300B6E0CE /* ViewController.swift */; };
		495AD43528B7450300B6E0CE /* Main.storyboard in Resources */ = {isa = PBXBuildFile; fileRef = 495AD43328B7450300B6E0CE /* Main.storyboard */; };
		495AD43728B7450400B6E0CE /* Assets.xcassets in Resources */ = {isa = PBXBuildFile; fileRef = 495AD43628B7450400B6E0CE /* Assets.xcassets */; };
		495AD43A28B7450400B6E0CE /* LaunchScreen.storyboard in Resources */ = {isa = PBXBuildFile; fileRef = 495AD43828B7450400B6E0CE /* LaunchScreen.storyboard */; };
		495AD44528B7450400B6E0CE /* hw13Tests.swift in Sources */ = {isa = PBXBuildFile; fileRef = 495AD44428B7450400B6E0CE /* hw13Tests.swift */; };
		495AD44F28B7450400B6E0CE /* hw13UITests.swift in Sources */ = {isa = PBXBuildFile; fileRef = 495AD44E28B7450400B6E0CE /* hw13UITests.swift */; };
		495AD45128B7450400B6E0CE /* hw13UITestsLaunchTests.swift in Sources */ = {isa = PBXBuildFile; fileRef = 495AD45028B7450400B6E0CE /* hw13UITestsLaunchTests.swift */; };
/* End PBXBuildFile section */

/* Begin PBXContainerItemProxy section */
		495AD44128B7450400B6E0CE /* PBXContainerItemProxy */ = {
			isa = PBXContainerItemProxy;
			containerPortal = 495AD42228B7450300B6E0CE /* Project object */;
			proxyType = 1;
			remoteGlobalIDString = 495AD42928B7450300B6E0CE;
			remoteInfo = hw13;
		};
		495AD44B28B7450400B6E0CE /* PBXContainerItemProxy */ = {
			isa = PBXContainerItemProxy;
			containerPortal = 495AD42228B7450300B6E0CE /* Project object */;
			proxyType = 1;
			remoteGlobalIDString = 495AD42928B7450300B6E0CE;
			remoteInfo = hw13;
		};
/* End PBXContainerItemProxy section */

/* Begin PBXFileReference section */
		495AD42A28B7450300B6E0CE /* hw13.app */ = {isa = PBXFileReference; explicitFileType = wrapper.application; includeInIndex = 0; path = hw13.app; sourceTree = BUILT_PRODUCTS_DIR; };
		495AD42D28B7450300B6E0CE /* AppDelegate.swift */ = {isa = PBXFileReference; lastKnownFileType = sourcecode.swift; path = AppDelegate.swift; sourceTree = "<group>"; };
		495AD42F28B7450300B6E0CE /* SceneDelegate.swift */ = {isa = PBXFileReference; lastKnownFileType = sourcecode.swift; path = SceneDelegate.swift; sourceTree = "<group>"; };
		495AD43128B7450300B6E0CE /* ViewController.swift */ = {isa = PBXFileReference; lastKnownFileType = sourcecode.swift; path = ViewController.swift; sourceTree = "<group>"; };
		495AD43428B7450300B6E0CE /* Base */ = {isa = PBXFileReference; lastKnownFileType = file.storyboard; name = Base; path = Base.lproj/Main.storyboard; sourceTree = "<group>"; };
		495AD43628B7450400B6E0CE /* Assets.xcassets */ = {isa = PBXFileReference; lastKnownFileType = folder.assetcatalog; path = Assets.xcassets; sourceTree = "<group>"; };
		495AD43928B7450400B6E0CE /* Base */ = {isa = PBXFileReference; lastKnownFileType = file.storyboard; name = Base; path = Base.lproj/LaunchScreen.storyboard; sourceTree = "<group>"; };
		495AD43B28B7450400B6E0CE /* Info.plist */ = {isa = PBXFileReference; lastKnownFileType = text.plist.xml; path = Info.plist; sourceTree = "<group>"; };
		495AD44028B7450400B6E0CE /* hw13Tests.xctest */ = {isa = PBXFileReference; explicitFileType = wrapper.cfbundle; includeInIndex = 0; path = hw13Tests.xctest; sourceTree = BUILT_PRODUCTS_DIR; };
		495AD44428B7450400B6E0CE /* hw13Tests.swift */ = {isa = PBXFileReference; lastKnownFileType = sourcecode.swift; path = hw13Tests.swift; sourceTree = "<group>"; };
		495AD44A28B7450400B6E0CE /* hw13UITests.xctest */ = {isa = PBXFileReference; explicitFileType = wrapper.cfbundle; includeInIndex = 0; path = hw13UITests.xctest; sourceTree = BUILT_PRODUCTS_DIR; };
		495AD44E28B7450400B6E0CE /* hw13UITests.swift */ = {isa = PBXFileReference; lastKnownFileType = sourcecode.swift; path = hw13UITests.swift; sourceTree = "<group>"; };
		495AD45028B7450400B6E0CE /* hw13UITestsLaunchTests.swift */ = {isa = PBXFileReference; lastKnownFileType = sourcecode.swift; path = hw13UITestsLaunchTests.swift; sourceTree = "<group>"; };
/* End PBXFileReference section */

/* Begin PBXFrameworksBuildPhase section */
		495AD42728B7450300B6E0CE /* Frameworks */ = {
			isa = PBXFrameworksBuildPhase;
			buildActionMask = 2147483647;
			files = (
			);
			runOnlyForDeploymentPostprocessing = 0;
		};
		495AD43D28B7450400B6E0CE /* Frameworks */ = {
			isa = PBXFrameworksBuildPhase;
			buildActionMask = 2147483647;
			files = (
			);
			runOnlyForDeploymentPostprocessing = 0;
		};
		495AD44728B7450400B6E0CE /* Frameworks */ = {
			isa = PBXFrameworksBuildPhase;
			buildActionMask = 2147483647;
			files = (
			);
			runOnlyForDeploymentPostprocessing = 0;
		};
/* End PBXFrameworksBuildPhase section */

/* Begin PBXGroup section */
		495AD42128B7450300B6E0CE = {
			isa = PBXGroup;
			children = (
				495AD42C28B7450300B6E0CE /* hw13 */,
				495AD44328B7450400B6E0CE /* hw13Tests */,
				495AD44D28B7450400B6E0CE /* hw13UITests */,
				495AD42B28B7450300B6E0CE /* Products */,
			);
			sourceTree = "<group>";
		};
		495AD42B28B7450300B6E0CE /* Products */ = {
			isa = PBXGroup;
			children = (
				495AD42A28B7450300B6E0CE /* hw13.app */,
				495AD44028B7450400B6E0CE /* hw13Tests.xctest */,
				495AD44A28B7450400B6E0CE /* hw13UITests.xctest */,
			);
			name = Products;
			sourceTree = "<group>";
		};
		495AD42C28B7450300B6E0CE /* hw13 */ = {
			isa = PBXGroup;
			children = (
				495AD42D28B7450300B6E0CE /* AppDelegate.swift */,
				495AD42F28B7450300B6E0CE /* SceneDelegate.swift */,
				495AD43128B7450300B6E0CE /* ViewController.swift */,
				495AD43328B7450300B6E0CE /* Main.storyboard */,
				495AD43628B7450400B6E0CE /* Assets.xcassets */,
				495AD43828B7450400B6E0CE /* LaunchScreen.storyboard */,
				495AD43B28B7450400B6E0CE /* Info.plist */,
			);
			path = hw13;
			sourceTree = "<group>";
		};
		495AD44328B7450400B6E0CE /* hw13Tests */ = {
			isa = PBXGroup;
			children = (
				495AD44428B7450400B6E0CE /* hw13Tests.swift */,
			);
			path = hw13Tests;
			sourceTree = "<group>";
		};
		495AD44D28B7450400B6E0CE /* hw13UITests */ = {
			isa = PBXGroup;
			children = (
				495AD44E28B7450400B6E0CE /* hw13UITests.swift */,
				495AD45028B7450400B6E0CE /* hw13UITestsLaunchTests.swift */,
			);
			path = hw13UITests;
			sourceTree = "<group>";
		};
/* End PBXGroup section */

/* Begin PBXNativeTarget section */
		495AD42928B7450300B6E0CE /* hw13 */ = {
			isa = PBXNativeTarget;
			buildConfigurationList = 495AD45428B7450400B6E0CE /* Build configuration list for PBXNativeTarget "hw13" */;
			buildPhases = (
				495AD42628B7450300B6E0CE /* Sources */,
				495AD42728B7450300B6E0CE /* Frameworks */,
				495AD42828B7450300B6E0CE /* Resources */,
			);
			buildRules = (
			);
			dependencies = (
			);
			name = hw13;
			productName = hw13;
			productReference = 495AD42A28B7450300B6E0CE /* hw13.app */;
			productType = "com.apple.product-type.application";
		};
		495AD43F28B7450400B6E0CE /* hw13Tests */ = {
			isa = PBXNativeTarget;
			buildConfigurationList = 495AD45728B7450400B6E0CE /* Build configuration list for PBXNativeTarget "hw13Tests" */;
			buildPhases = (
				495AD43C28B7450400B6E0CE /* Sources */,
				495AD43D28B7450400B6E0CE /* Frameworks */,
				495AD43E28B7450400B6E0CE /* Resources */,
			);
			buildRules = (
			);
			dependencies = (
				495AD44228B7450400B6E0CE /* PBXTargetDependency */,
			);
			name = hw13Tests;
			productName = hw13Tests;
			productReference = 495AD44028B7450400B6E0CE /* hw13Tests.xctest */;
			productType = "com.apple.product-type.bundle.unit-test";
		};
		495AD44928B7450400B6E0CE /* hw13UITests */ = {
			isa = PBXNativeTarget;
			buildConfigurationList = 495AD45A28B7450400B6E0CE /* Build configuration list for PBXNativeTarget "hw13UITests" */;
			buildPhases = (
				495AD44628B7450400B6E0CE /* Sources */,
				495AD44728B7450400B6E0CE /* Frameworks */,
				495AD44828B7450400B6E0CE /* Resources */,
			);
			buildRules = (
			);
			dependencies = (
				495AD44C28B7450400B6E0CE /* PBXTargetDependency */,
			);
			name = hw13UITests;
			productName = hw13UITests;
			productReference = 495AD44A28B7450400B6E0CE /* hw13UITests.xctest */;
			productType = "com.apple.product-type.bundle.ui-testing";
		};
/* End PBXNativeTarget section */

/* Begin PBXProject section */
		495AD42228B7450300B6E0CE /* Project object */ = {
			isa = PBXProject;
			attributes = {
				BuildIndependentTargetsInParallel = 1;
				LastSwiftUpdateCheck = 1340;
				LastUpgradeCheck = 1340;
				TargetAttributes = {
					495AD42928B7450300B6E0CE = {
						CreatedOnToolsVersion = 13.4.1;
					};
					495AD43F28B7450400B6E0CE = {
						CreatedOnToolsVersion = 13.4.1;
						TestTargetID = 495AD42928B7450300B6E0CE;
					};
					495AD44928B7450400B6E0CE = {
						CreatedOnToolsVersion = 13.4.1;
						TestTargetID = 495AD42928B7450300B6E0CE;
					};
				};
			};
			buildConfigurationList = 495AD42528B7450300B6E0CE /* Build configuration list for PBXProject "hw13" */;
			compatibilityVersion = "Xcode 13.0";
			developmentRegion = en;
			hasScannedForEncodings = 0;
			knownRegions = (
				en,
				Base,
			);
			mainGroup = 495AD42128B7450300B6E0CE;
			productRefGroup = 495AD42B28B7450300B6E0CE /* Products */;
			projectDirPath = "";
			projectRoot = "";
			targets = (
				495AD42928B7450300B6E0CE /* hw13 */,
				495AD43F28B7450400B6E0CE /* hw13Tests */,
				495AD44928B7450400B6E0CE /* hw13UITests */,
			);
		};
/* End PBXProject section */

/* Begin PBXResourcesBuildPhase section */
		495AD42828B7450300B6E0CE /* Resources */ = {
			isa = PBXResourcesBuildPhase;
			buildActionMask = 2147483647;
			files = (
				495AD43A28B7450400B6E0CE /* LaunchScreen.storyboard in Resources */,
				495AD43728B7450400B6E0CE /* Assets.xcassets in Resources */,
				495AD43528B7450300B6E0CE /* Main.storyboard in Resources */,
			);
			runOnlyForDeploymentPostprocessing = 0;
		};
		495AD43E28B7450400B6E0CE /* Resources */ = {
			isa = PBXResourcesBuildPhase;
			buildActionMask = 2147483647;
			files = (
			);
			runOnlyForDeploymentPostprocessing = 0;
		};
		495AD44828B7450400B6E0CE /* Resources */ = {
			isa = PBXResourcesBuildPhase;
			buildActionMask = 2147483647;
			files = (
			);
			runOnlyForDeploymentPostprocessing = 0;
		};
/* End PBXResourcesBuildPhase section */

/* Begin PBXSourcesBuildPhase section */
		495AD42628B7450300B6E0CE /* Sources */ = {
			isa = PBXSourcesBuildPhase;
			buildActionMask = 2147483647;
			files = (
				495AD43228B7450300B6E0CE /* ViewController.swift in Sources */,
				495AD42E28B7450300B6E0CE /* AppDelegate.swift in Sources */,
				495AD43028B7450300B6E0CE /* SceneDelegate.swift in Sources */,
			);
			runOnlyForDeploymentPostprocessing = 0;
		};
		495AD43C28B7450400B6E0CE /* Sources */ = {
			isa = PBXSourcesBuildPhase;
			buildActionMask = 2147483647;
			files = (
				495AD44528B7450400B6E0CE /* hw13Tests.swift in Sources */,
			);
			runOnlyForDeploymentPostprocessing = 0;
		};
		495AD44628B7450400B6E0CE /* Sources */ = {
			isa = PBXSourcesBuildPhase;
			buildActionMask = 2147483647;
			files = (
				495AD44F28B7450400B6E0CE /* hw13UITests.swift in Sources */,
				495AD45128B7450400B6E0CE /* hw13UITestsLaunchTests.swift in Sources */,
			);
			runOnlyForDeploymentPostprocessing = 0;
		};
/* End PBXSourcesBuildPhase section */

/* Begin PBXTargetDependency section */
		495AD44228B7450400B6E0CE /* PBXTargetDependency */ = {
			isa = PBXTargetDependency;
			target = 495AD42928B7450300B6E0CE /* hw13 */;
			targetProxy = 495AD44128B7450400B6E0CE /* PBXContainerItemProxy */;
		};
		495AD44C28B7450400B6E0CE /* PBXTargetDependency */ = {
			isa = PBXTargetDependency;
			target = 495AD42928B7450300B6E0CE /* hw13 */;
			targetProxy = 495AD44B28B7450400B6E0CE /* PBXContainerItemProxy */;
		};
/* End PBXTargetDependency section */

/* Begin PBXVariantGroup section */
		495AD43328B7450300B6E0CE /* Main.storyboard */ = {
			isa = PBXVariantGroup;
			children = (
				495AD43428B7450300B6E0CE /* Base */,
			);
			name = Main.storyboard;
			sourceTree = "<group>";
		};
		495AD43828B7450400B6E0CE /* LaunchScreen.storyboard */ = {
			isa = PBXVariantGroup;
			children = (
				495AD43928B7450400B6E0CE /* Base */,
			);
			name = LaunchScreen.storyboard;
			sourceTree = "<group>";
		};
/* End PBXVariantGroup section */

/* Begin XCBuildConfiguration section */
		495AD45228B7450400B6E0CE /* Debug */ = {
			isa = XCBuildConfiguration;
			buildSettings = {
				ALWAYS_SEARCH_USER_PATHS = NO;
				CLANG_ANALYZER_NONNULL = YES;
				CLANG_ANALYZER_NUMBER_OBJECT_CONVERSION = YES_AGGRESSIVE;
				CLANG_CXX_LANGUAGE_STANDARD = "gnu++17";
				CLANG_ENABLE_MODULES = YES;
				CLANG_ENABLE_OBJC_ARC = YES;
				CLANG_ENABLE_OBJC_WEAK = YES;
				CLANG_WARN_BLOCK_CAPTURE_AUTORELEASING = YES;
				CLANG_WARN_BOOL_CONVERSION = YES;
				CLANG_WARN_COMMA = YES;
				CLANG_WARN_CONSTANT_CONVERSION = YES;
				CLANG_WARN_DEPRECATED_OBJC_IMPLEMENTATIONS = YES;
				CLANG_WARN_DIRECT_OBJC_ISA_USAGE = YES_ERROR;
				CLANG_WARN_DOCUMENTATION_COMMENTS = YES;
				CLANG_WARN_EMPTY_BODY = YES;
				CLANG_WARN_ENUM_CONVERSION = YES;
				CLANG_WARN_INFINITE_RECURSION = YES;
				CLANG_WARN_INT_CONVERSION = YES;
				CLANG_WARN_NON_LITERAL_NULL_CONVERSION = YES;
				CLANG_WARN_OBJC_IMPLICIT_RETAIN_SELF = YES;
				CLANG_WARN_OBJC_LITERAL_CONVERSION = YES;
				CLANG_WARN_OBJC_ROOT_CLASS = YES_ERROR;
				CLANG_WARN_QUOTED_INCLUDE_IN_FRAMEWORK_HEADER = YES;
				CLANG_WARN_RANGE_LOOP_ANALYSIS = YES;
				CLANG_WARN_STRICT_PROTOTYPES = YES;
				CLANG_WARN_SUSPICIOUS_MOVE = YES;
				CLANG_WARN_UNGUARDED_AVAILABILITY = YES_AGGRESSIVE;
				CLANG_WARN_UNREACHABLE_CODE = YES;
				CLANG_WARN__DUPLICATE_METHOD_MATCH = YES;
				COPY_PHASE_STRIP = NO;
				DEBUG_INFORMATION_FORMAT = dwarf;
				ENABLE_STRICT_OBJC_MSGSEND = YES;
				ENABLE_TESTABILITY = YES;
				GCC_C_LANGUAGE_STANDARD = gnu11;
				GCC_DYNAMIC_NO_PIC = NO;
				GCC_NO_COMMON_BLOCKS = YES;
				GCC_OPTIMIZATION_LEVEL = 0;
				GCC_PREPROCESSOR_DEFINITIONS = (
					"DEBUG=1",
					"$(inherited)",
				);
				GCC_WARN_64_TO_32_BIT_CONVERSION = YES;
				GCC_WARN_ABOUT_RETURN_TYPE = YES_ERROR;
				GCC_WARN_UNDECLARED_SELECTOR = YES;
				GCC_WARN_UNINITIALIZED_AUTOS = YES_AGGRESSIVE;
				GCC_WARN_UNUSED_FUNCTION = YES;
				GCC_WARN_UNUSED_VARIABLE = YES;
				IPHONEOS_DEPLOYMENT_TARGET = 15.5;
				MTL_ENABLE_DEBUG_INFO = INCLUDE_SOURCE;
				MTL_FAST_MATH = YES;
				ONLY_ACTIVE_ARCH = YES;
				SDKROOT = iphoneos;
				SWIFT_ACTIVE_COMPILATION_CONDITIONS = DEBUG;
				SWIFT_OPTIMIZATION_LEVEL = "-Onone";
			};
			name = Debug;
		};
		495AD45328B7450400B6E0CE /* Release */ = {
			isa = XCBuildConfiguration;
			buildSettings = {
				ALWAYS_SEARCH_USER_PATHS = NO;
				CLANG_ANALYZER_NONNULL = YES;
				CLANG_ANALYZER_NUMBER_OBJECT_CONVERSION = YES_AGGRESSIVE;
				CLANG_CXX_LANGUAGE_STANDARD = "gnu++17";
				CLANG_ENABLE_MODULES = YES;
				CLANG_ENABLE_OBJC_ARC = YES;
				CLANG_ENABLE_OBJC_WEAK = YES;
				CLANG_WARN_BLOCK_CAPTURE_AUTORELEASING = YES;
				CLANG_WARN_BOOL_CONVERSION = YES;
				CLANG_WARN_COMMA = YES;
				CLANG_WARN_CONSTANT_CONVERSION = YES;
				CLANG_WARN_DEPRECATED_OBJC_IMPLEMENTATIONS = YES;
				CLANG_WARN_DIRECT_OBJC_ISA_USAGE = YES_ERROR;
				CLANG_WARN_DOCUMENTATION_COMMENTS = YES;
				CLANG_WARN_EMPTY_BODY = YES;
				CLANG_WARN_ENUM_CONVERSION = YES;
				CLANG_WARN_INFINITE_RECURSION = YES;
				CLANG_WARN_INT_CONVERSION = YES;
				CLANG_WARN_NON_LITERAL_NULL_CONVERSION = YES;
				CLANG_WARN_OBJC_IMPLICIT_RETAIN_SELF = YES;
				CLANG_WARN_OBJC_LITERAL_CONVERSION = YES;
				CLANG_WARN_OBJC_ROOT_CLASS = YES_ERROR;
				CLANG_WARN_QUOTED_INCLUDE_IN_FRAMEWORK_HEADER = YES;
				CLANG_WARN_RANGE_LOOP_ANALYSIS = YES;
				CLANG_WARN_STRICT_PROTOTYPES = YES;
				CLANG_WARN_SUSPICIOUS_MOVE = YES;
				CLANG_WARN_UNGUARDED_AVAILABILITY = YES_AGGRESSIVE;
				CLANG_WARN_UNREACHABLE_CODE = YES;
				CLANG_WARN__DUPLICATE_METHOD_MATCH = YES;
				COPY_PHASE_STRIP = NO;
				DEBUG_INFORMATION_FORMAT = "dwarf-with-dsym";
				ENABLE_NS_ASSERTIONS = NO;
				ENABLE_STRICT_OBJC_MSGSEND = YES;
				GCC_C_LANGUAGE_STANDARD = gnu11;
				GCC_NO_COMMON_BLOCKS = YES;
				GCC_WARN_64_TO_32_BIT_CONVERSION = YES;
				GCC_WARN_ABOUT_RETURN_TYPE = YES_ERROR;
				GCC_WARN_UNDECLARED_SELECTOR = YES;
				GCC_WARN_UNINITIALIZED_AUTOS = YES_AGGRESSIVE;
				GCC_WARN_UNUSED_FUNCTION = YES;
				GCC_WARN_UNUSED_VARIABLE = YES;
				IPHONEOS_DEPLOYMENT_TARGET = 15.5;
				MTL_ENABLE_DEBUG_INFO = NO;
				MTL_FAST_MATH = YES;
				SDKROOT = iphoneos;
				SWIFT_COMPILATION_MODE = wholemodule;
				SWIFT_OPTIMIZATION_LEVEL = "-O";
				VALIDATE_PRODUCT = YES;
			};
			name = Release;
		};
		495AD45528B7450400B6E0CE /* Debug */ = {
			isa = XCBuildConfiguration;
			buildSettings = {
				ASSETCATALOG_COMPILER_APPICON_NAME = AppIcon;
				ASSETCATALOG_COMPILER_GLOBAL_ACCENT_COLOR_NAME = AccentColor;
				CODE_SIGN_STYLE = Automatic;
				CURRENT_PROJECT_VERSION = 1;
				DEVELOPMENT_TEAM = 7T5DR9M9QC;
				GENERATE_INFOPLIST_FILE = YES;
				INFOPLIST_FILE = hw13/Info.plist;
				INFOPLIST_KEY_UIApplicationSupportsIndirectInputEvents = YES;
				INFOPLIST_KEY_UILaunchStoryboardName = LaunchScreen;
				INFOPLIST_KEY_UIMainStoryboardFile = Main;
				INFOPLIST_KEY_UISupportedInterfaceOrientations_iPad = "UIInterfaceOrientationPortrait UIInterfaceOrientationPortraitUpsideDown UIInterfaceOrientationLandscapeLeft UIInterfaceOrientationLandscapeRight";
				INFOPLIST_KEY_UISupportedInterfaceOrientations_iPhone = "UIInterfaceOrientationPortrait UIInterfaceOrientationLandscapeLeft UIInterfaceOrientationLandscapeRight";
				LD_RUNPATH_SEARCH_PATHS = (
					"$(inherited)",
					"@executable_path/Frameworks",
				);
				MARKETING_VERSION = 1.0;
				PRODUCT_BUNDLE_IDENTIFIER = gg.hw13;
				PRODUCT_NAME = "$(TARGET_NAME)";
				SWIFT_EMIT_LOC_STRINGS = YES;
				SWIFT_VERSION = 5.0;
				TARGETED_DEVICE_FAMILY = "1,2";
			};
			name = Debug;
		};
		495AD45628B7450400B6E0CE /* Release */ = {
			isa = XCBuildConfiguration;
			buildSettings = {
				ASSETCATALOG_COMPILER_APPICON_NAME = AppIcon;
				ASSETCATALOG_COMPILER_GLOBAL_ACCENT_COLOR_NAME = AccentColor;
				CODE_SIGN_STYLE = Automatic;
				CURRENT_PROJECT_VERSION = 1;
				DEVELOPMENT_TEAM = 7T5DR9M9QC;
				GENERATE_INFOPLIST_FILE = YES;
				INFOPLIST_FILE = hw13/Info.plist;
				INFOPLIST_KEY_UIApplicationSupportsIndirectInputEvents = YES;
				INFOPLIST_KEY_UILaunchStoryboardName = LaunchScreen;
				INFOPLIST_KEY_UIMainStoryboardFile = Main;
				INFOPLIST_KEY_UISupportedInterfaceOrientations_iPad = "UIInterfaceOrientationPortrait UIInterfaceOrientationPortraitUpsideDown UIInterfaceOrientationLandscapeLeft UIInterfaceOrientationLandscapeRight";
				INFOPLIST_KEY_UISupportedInterfaceOrientations_iPhone = "UIInterfaceOrientationPortrait UIInterfaceOrientationLandscapeLeft UIInterfaceOrientationLandscapeRight";
				LD_RUNPATH_SEARCH_PATHS = (
					"$(inherited)",
					"@executable_path/Frameworks",
				);
				MARKETING_VERSION = 1.0;
				PRODUCT_BUNDLE_IDENTIFIER = gg.hw13;
				PRODUCT_NAME = "$(TARGET_NAME)";
				SWIFT_EMIT_LOC_STRINGS = YES;
				SWIFT_VERSION = 5.0;
				TARGETED_DEVICE_FAMILY = "1,2";
			};
			name = Release;
		};
		495AD45828B7450400B6E0CE /* Debug */ = {
			isa = XCBuildConfiguration;
			buildSettings = {
				ALWAYS_EMBED_SWIFT_STANDARD_LIBRARIES = YES;
				BUNDLE_LOADER = "$(TEST_HOST)";
				CODE_SIGN_STYLE = Automatic;
				CURRENT_PROJECT_VERSION = 1;
				DEVELOPMENT_TEAM = 7T5DR9M9QC;
				GENERATE_INFOPLIST_FILE = YES;
				IPHONEOS_DEPLOYMENT_TARGET = 15.5;
				MARKETING_VERSION = 1.0;
				PRODUCT_BUNDLE_IDENTIFIER = gg.hw13Tests;
				PRODUCT_NAME = "$(TARGET_NAME)";
				SWIFT_EMIT_LOC_STRINGS = NO;
				SWIFT_VERSION = 5.0;
				TARGETED_DEVICE_FAMILY = "1,2";
				TEST_HOST = "$(BUILT_PRODUCTS_DIR)/hw13.app/hw13";
			};
			name = Debug;
		};
		495AD45928B7450400B6E0CE /* Release */ = {
			isa = XCBuildConfiguration;
			buildSettings = {
				ALWAYS_EMBED_SWIFT_STANDARD_LIBRARIES = YES;
				BUNDLE_LOADER = "$(TEST_HOST)";
				CODE_SIGN_STYLE = Automatic;
				CURRENT_PROJECT_VERSION = 1;
				DEVELOPMENT_TEAM = 7T5DR9M9QC;
				GENERATE_INFOPLIST_FILE = YES;
				IPHONEOS_DEPLOYMENT_TARGET = 15.5;
				MARKETING_VERSION = 1.0;
				PRODUCT_BUNDLE_IDENTIFIER = gg.hw13Tests;
				PRODUCT_NAME = "$(TARGET_NAME)";
				SWIFT_EMIT_LOC_STRINGS = NO;
				SWIFT_VERSION = 5.0;
				TARGETED_DEVICE_FAMILY = "1,2";
				TEST_HOST = "$(BUILT_PRODUCTS_DIR)/hw13.app/hw13";
			};
			name = Release;
		};
		495AD45B28B7450400B6E0CE /* Debug */ = {
			isa = XCBuildConfiguration;
			buildSettings = {
				ALWAYS_EMBED_SWIFT_STANDARD_LIBRARIES = YES;
				CODE_SIGN_STYLE = Automatic;
				CURRENT_PROJECT_VERSION = 1;
				DEVELOPMENT_TEAM = 7T5DR9M9QC;
				GENERATE_INFOPLIST_FILE = YES;
				MARKETING_VERSION = 1.0;
				PRODUCT_BUNDLE_IDENTIFIER = gg.hw13UITests;
				PRODUCT_NAME = "$(TARGET_NAME)";
				SWIFT_EMIT_LOC_STRINGS = NO;
				SWIFT_VERSION = 5.0;
				TARGETED_DEVICE_FAMILY = "1,2";
				TEST_TARGET_NAME = hw13;
			};
			name = Debug;
		};
		495AD45C28B7450400B6E0CE /* Release */ = {
			isa = XCBuildConfiguration;
			buildSettings = {
				ALWAYS_EMBED_SWIFT_STANDARD_LIBRARIES = YES;
				CODE_SIGN_STYLE = Automatic;
				CURRENT_PROJECT_VERSION = 1;
				DEVELOPMENT_TEAM = 7T5DR9M9QC;
				GENERATE_INFOPLIST_FILE = YES;
				MARKETING_VERSION = 1.0;
				PRODUCT_BUNDLE_IDENTIFIER = gg.hw13UITests;
				PRODUCT_NAME = "$(TARGET_NAME)";
				SWIFT_EMIT_LOC_STRINGS = NO;
				SWIFT_VERSION = 5.0;
				TARGETED_DEVICE_FAMILY = "1,2";
				TEST_TARGET_NAME = hw13;
			};
			name = Release;
		};
/* End XCBuildConfiguration section */

/* Begin XCConfigurationList section */
		495AD42528B7450300B6E0CE /* Build configuration list for PBXProject "hw13" */ = {
			isa = XCConfigurationList;
			buildConfigurations = (
				495AD45228B7450400B6E0CE /* Debug */,
				495AD45328B7450400B6E0CE /* Release */,
			);
			defaultConfigurationIsVisible = 0;
			defaultConfigurationName = Release;
		};
		495AD45428B7450400B6E0CE /* Build configuration list for PBXNativeTarget "hw13" */ = {
			isa = XCConfigurationList;
			buildConfigurations = (
				495AD45528B7450400B6E0CE /* Debug */,
				495AD45628B7450400B6E0CE /* Release */,
			);
			defaultConfigurationIsVisible = 0;
			defaultConfigurationName = Release;
		};
		495AD45728B7450400B6E0CE /* Build configuration list for PBXNativeTarget "hw13Tests" */ = {
			isa = XCConfigurationList;
			buildConfigurations = (
				495AD45828B7450400B6E0CE /* Debug */,
				495AD45928B7450400B6E0CE /* Release */,
			);
			defaultConfigurationIsVisible = 0;
			defaultConfigurationName = Release;
		};
		495AD45A28B7450400B6E0CE /* Build configuration list for PBXNativeTarget "hw13UITests" */ = {
			isa = XCConfigurationList;
			buildConfigurations = (
				495AD45B28B7450400B6E0CE /* Debug */,
				495AD45C28B7450400B6E0CE /* Release */,
			);
			defaultConfigurationIsVisible = 0;
			defaultConfigurationName = Release;
		};
/* End XCConfigurationList section */
	};
	rootObject = 495AD42228B7450300B6E0CE /* Project object */;
}
